
Microsoft Visual Studio Solution File, Format Version 12.00
# Visual Studio Version 16
VisualStudioVersion = 16.0.29613.14
MinimumVisualStudioVersion = 15.0.26124.0
Project("{2150E333-8FDC-42A3-9474-1A3956D46DE8}") = "src", "src", "{317D4CD5-314F-4728-9A9F-7DC7B65FBBB4}"
EndProject
Project("{2150E333-8FDC-42A3-9474-1A3956D46DE8}") = "tests", "tests", "{ADD39088-FCE8-4C1D-AF63-536B475F0756}"
EndProject
Project("{9A19103F-16F7-4668-BE54-9A1E7A4F7556}") = "ComputerScience", "src\ComputerScience\ComputerScience.csproj", "{153A04D1-83BA-42FF-9775-ED2C23140EE7}"
EndProject
Project("{9A19103F-16F7-4668-BE54-9A1E7A4F7556}") = "ComputerScienceTests", "tests\ComputerScienceTests\ComputerScienceTests.csproj", "{D2E16957-B134-4AE0-AA81-F1FBBF082A7E}"
EndProject
Project("{FAE04EC0-301F-11D3-BF4B-00C04F79EFBC}") = "TreeTraining", "src\TreeTraining\TreeTraining.csproj", "{BF0A0556-AF41-422E-A638-2452591E8679}"
EndProject
Global
	GlobalSection(SolutionConfigurationPlatforms) = preSolution
		Debug|Any CPU = Debug|Any CPU
		Release|Any CPU = Release|Any CPU
	EndGlobalSection
	GlobalSection(ProjectConfigurationPlatforms) = postSolution
		{153A04D1-83BA-42FF-9775-ED2C23140EE7}.Debug|Any CPU.ActiveCfg = Debug|Any CPU
		{153A04D1-83BA-42FF-9775-ED2C23140EE7}.Debug|Any CPU.Build.0 = Debug|Any CPU
		{153A04D1-83BA-42FF-9775-ED2C23140EE7}.Release|Any CPU.ActiveCfg = Release|Any CPU
		{153A04D1-83BA-42FF-9775-ED2C23140EE7}.Release|Any CPU.Build.0 = Release|Any CPU
		{D2E16957-B134-4AE0-AA81-F1FBBF082A7E}.Debug|Any CPU.ActiveCfg = Debug|Any CPU
		{D2E16957-B134-4AE0-AA81-F1FBBF082A7E}.Debug|Any CPU.Build.0 = Debug|Any CPU
		{D2E16957-B134-4AE0-AA81-F1FBBF082A7E}.Release|Any CPU.ActiveCfg = Release|Any CPU
		{D2E16957-B134-4AE0-AA81-F1FBBF082A7E}.Release|Any CPU.Build.0 = Release|Any CPU
		{BF0A0556-AF41-422E-A638-2452591E8679}.Debug|Any CPU.ActiveCfg = Debug|Any CPU
		{BF0A0556-AF41-422E-A638-2452591E8679}.Debug|Any CPU.Build.0 = Debug|Any CPU
		{BF0A0556-AF41-422E-A638-2452591E8679}.Release|Any CPU.ActiveCfg = Release|Any CPU
		{BF0A0556-AF41-422E-A638-2452591E8679}.Release|Any CPU.Build.0 = Release|Any CPU
	EndGlobalSection
	GlobalSection(SolutionProperties) = preSolution
		HideSolutionNode = FALSE
	EndGlobalSection
	GlobalSection(NestedProjects) = preSolution
		{153A04D1-83BA-42FF-9775-ED2C23140EE7} = {317D4CD5-314F-4728-9A9F-7DC7B65FBBB4}
		{D2E16957-B134-4AE0-AA81-F1FBBF082A7E} = {ADD39088-FCE8-4C1D-AF63-536B475F0756}
		{BF0A0556-AF41-422E-A638-2452591E8679} = {317D4CD5-314F-4728-9A9F-7DC7B65FBBB4}
	EndGlobalSection
	GlobalSection(ExtensibilityGlobals) = postSolution
		SolutionGuid = {F691132A-AF3D-44AC-BB43-7E49AB17A06C}
	EndGlobalSection
EndGlobal
